
Microsoft Visual Studio Solution File, Format Version 12.00
# Visual Studio Version 16
VisualStudioVersion = 16.0.29911.84
MinimumVisualStudioVersion = 10.0.40219.1
Project("{8BC9CEB8-8B4A-11D0-8D11-00A0C91BC942}") = "Game_Morgan_José", "Game_Morgan_José\Game_Morgan_José.vcxitems", "{B017F55A-BE5C-4281-B527-28480D17A3AF}"
EndProject
Global
	GlobalSection(SolutionProperties) = preSolution
		HideSolutionNode = FALSE
	EndGlobalSection
	GlobalSection(ExtensibilityGlobals) = postSolution
		SolutionGuid = {130792B2-F132-41A0-B706-0B4784FE2FB3}
	EndGlobalSection
EndGlobal
